// !$*UTF8*$!
{
	archiveVersion = 1;
	classes = {
	};
	objectVersion = 46;
	objects = {

/* Begin PBXBuildFile section */
		FA1B77081A45D71E00407E4F /* AppDelegate.swift in Sources */ = {isa = PBXBuildFile; fileRef = FA1B77071A45D71E00407E4F /* AppDelegate.swift */; };
		FA1B770A1A45D71E00407E4F /* ViewController.swift in Sources */ = {isa = PBXBuildFile; fileRef = FA1B77091A45D71E00407E4F /* ViewController.swift */; };
		FA1B770D1A45D71E00407E4F /* Main.storyboard in Resources */ = {isa = PBXBuildFile; fileRef = FA1B770B1A45D71E00407E4F /* Main.storyboard */; };
		FA1B770F1A45D71E00407E4F /* Images.xcassets in Resources */ = {isa = PBXBuildFile; fileRef = FA1B770E1A45D71E00407E4F /* Images.xcassets */; };
		FA1B77121A45D71E00407E4F /* LaunchScreen.xib in Resources */ = {isa = PBXBuildFile; fileRef = FA1B77101A45D71E00407E4F /* LaunchScreen.xib */; };
		FA1B771E1A45D71E00407E4F /* PaddockClubPadTests.swift in Sources */ = {isa = PBXBuildFile; fileRef = FA1B771D1A45D71E00407E4F /* PaddockClubPadTests.swift */; };
		FA1B77281A45FBC900407E4F /* ExternalStoryboard.storyboard in Resources */ = {isa = PBXBuildFile; fileRef = FA1B77271A45FBC900407E4F /* ExternalStoryboard.storyboard */; };
		FA1B772B1A45FC0400407E4F /* ExternalViewController.swift in Sources */ = {isa = PBXBuildFile; fileRef = FA1B772A1A45FC0400407E4F /* ExternalViewController.swift */; };
		FA1B77361A48B4F800407E4F /* TweetFeedCell.swift in Sources */ = {isa = PBXBuildFile; fileRef = FA1B77341A48B4F800407E4F /* TweetFeedCell.swift */; };
		FA559B201A83177B00FCA76E /* GameTableCell.swift in Sources */ = {isa = PBXBuildFile; fileRef = FA559B1F1A83177B00FCA76E /* GameTableCell.swift */; };
		FA559B271A831A1800FCA76E /* GameTable.swift in Sources */ = {isa = PBXBuildFile; fileRef = FA559B261A831A1800FCA76E /* GameTable.swift */; };
		FA5CB2631A4BD12C00C2C460 /* TweetFeed.swift in Sources */ = {isa = PBXBuildFile; fileRef = FA5CB2621A4BD12C00C2C460 /* TweetFeed.swift */; };
		FA6B6E5C1A71F59000F1BB6D /* DriverSelectionBGViewController.swift in Sources */ = {isa = PBXBuildFile; fileRef = FA6B6E5B1A71F59000F1BB6D /* DriverSelectionBGViewController.swift */; };
		FA6B6E5E1A725AE700F1BB6D /* DriversPopoverViewController.swift in Sources */ = {isa = PBXBuildFile; fileRef = FA6B6E5D1A725AE700F1BB6D /* DriversPopoverViewController.swift */; };
		FAE3608A1AE54CF000053E77 /* TwitterKit.framework in Frameworks */ = {isa = PBXBuildFile; fileRef = FAE360871AE54CF000053E77 /* TwitterKit.framework */; };
		FAE3608B1AE54CF000053E77 /* TwitterKitResources.bundle in Resources */ = {isa = PBXBuildFile; fileRef = FAE360881AE54CF000053E77 /* TwitterKitResources.bundle */; };
		FAE3608C1AE54CF000053E77 /* Fabric.framework in Frameworks */ = {isa = PBXBuildFile; fileRef = FAE360891AE54CF000053E77 /* Fabric.framework */; };
/* End PBXBuildFile section */

/* Begin PBXContainerItemProxy section */
		FA1B77181A45D71E00407E4F /* PBXContainerItemProxy */ = {
			isa = PBXContainerItemProxy;
			containerPortal = FA1B76FA1A45D71E00407E4F /* Project object */;
			proxyType = 1;
			remoteGlobalIDString = FA1B77011A45D71E00407E4F;
			remoteInfo = PaddockClubPad;
		};
/* End PBXContainerItemProxy section */

/* Begin PBXCopyFilesBuildPhase section */
		FA5CB13B1A4A165200C2C460 /* Embed Frameworks */ = {
			isa = PBXCopyFilesBuildPhase;
			buildActionMask = 2147483647;
			dstPath = "";
			dstSubfolderSpec = 10;
			files = (
			);
			name = "Embed Frameworks";
			runOnlyForDeploymentPostprocessing = 0;
		};
/* End PBXCopyFilesBuildPhase section */

/* Begin PBXFileReference section */
		FA1B77021A45D71E00407E4F /* PaddockClubPad.app */ = {isa = PBXFileReference; explicitFileType = wrapper.application; includeInIndex = 0; path = PaddockClubPad.app; sourceTree = BUILT_PRODUCTS_DIR; };
		FA1B77061A45D71E00407E4F /* Info.plist */ = {isa = PBXFileReference; lastKnownFileType = text.plist.xml; path = Info.plist; sourceTree = "<group>"; };
		FA1B77071A45D71E00407E4F /* AppDelegate.swift */ = {isa = PBXFileReference; lastKnownFileType = sourcecode.swift; path = AppDelegate.swift; sourceTree = "<group>"; };
		FA1B77091A45D71E00407E4F /* ViewController.swift */ = {isa = PBXFileReference; lastKnownFileType = sourcecode.swift; path = ViewController.swift; sourceTree = "<group>"; };
		FA1B770C1A45D71E00407E4F /* Base */ = {isa = PBXFileReference; lastKnownFileType = file.storyboard; name = Base; path = Base.lproj/Main.storyboard; sourceTree = "<group>"; };
		FA1B770E1A45D71E00407E4F /* Images.xcassets */ = {isa = PBXFileReference; lastKnownFileType = folder.assetcatalog; path = Images.xcassets; sourceTree = "<group>"; };
		FA1B77111A45D71E00407E4F /* Base */ = {isa = PBXFileReference; lastKnownFileType = file.xib; name = Base; path = Base.lproj/LaunchScreen.xib; sourceTree = "<group>"; };
		FA1B77171A45D71E00407E4F /* PaddockClubPadTests.xctest */ = {isa = PBXFileReference; explicitFileType = wrapper.cfbundle; includeInIndex = 0; path = PaddockClubPadTests.xctest; sourceTree = BUILT_PRODUCTS_DIR; };
		FA1B771C1A45D71E00407E4F /* Info.plist */ = {isa = PBXFileReference; lastKnownFileType = text.plist.xml; path = Info.plist; sourceTree = "<group>"; };
		FA1B771D1A45D71E00407E4F /* PaddockClubPadTests.swift */ = {isa = PBXFileReference; lastKnownFileType = sourcecode.swift; path = PaddockClubPadTests.swift; sourceTree = "<group>"; };
		FA1B77271A45FBC900407E4F /* ExternalStoryboard.storyboard */ = {isa = PBXFileReference; fileEncoding = 4; lastKnownFileType = file.storyboard; path = ExternalStoryboard.storyboard; sourceTree = "<group>"; };
		FA1B772A1A45FC0400407E4F /* ExternalViewController.swift */ = {isa = PBXFileReference; fileEncoding = 4; lastKnownFileType = sourcecode.swift; path = ExternalViewController.swift; sourceTree = "<group>"; };
		FA1B77341A48B4F800407E4F /* TweetFeedCell.swift */ = {isa = PBXFileReference; fileEncoding = 4; lastKnownFileType = sourcecode.swift; path = TweetFeedCell.swift; sourceTree = "<group>"; };
		FA559B1F1A83177B00FCA76E /* GameTableCell.swift */ = {isa = PBXFileReference; fileEncoding = 4; lastKnownFileType = sourcecode.swift; path = GameTableCell.swift; sourceTree = "<group>"; };
		FA559B261A831A1800FCA76E /* GameTable.swift */ = {isa = PBXFileReference; fileEncoding = 4; lastKnownFileType = sourcecode.swift; path = GameTable.swift; sourceTree = "<group>"; };
		FA5CB2621A4BD12C00C2C460 /* TweetFeed.swift */ = {isa = PBXFileReference; fileEncoding = 4; lastKnownFileType = sourcecode.swift; path = TweetFeed.swift; sourceTree = "<group>"; };
		FA6B6E5B1A71F59000F1BB6D /* DriverSelectionBGViewController.swift */ = {isa = PBXFileReference; fileEncoding = 4; lastKnownFileType = sourcecode.swift; path = DriverSelectionBGViewController.swift; sourceTree = "<group>"; };
		FA6B6E5D1A725AE700F1BB6D /* DriversPopoverViewController.swift */ = {isa = PBXFileReference; fileEncoding = 4; lastKnownFileType = sourcecode.swift; path = DriversPopoverViewController.swift; sourceTree = "<group>"; };
		FAE360871AE54CF000053E77 /* TwitterKit.framework */ = {isa = PBXFileReference; lastKnownFileType = wrapper.framework; path = TwitterKit.framework; sourceTree = "<group>"; };
		FAE360881AE54CF000053E77 /* TwitterKitResources.bundle */ = {isa = PBXFileReference; lastKnownFileType = "wrapper.plug-in"; name = TwitterKitResources.bundle; path = TwitterKit.framework/Versions/A/Resources/TwitterKitResources.bundle; sourceTree = "<group>"; };
		FAE360891AE54CF000053E77 /* Fabric.framework */ = {isa = PBXFileReference; lastKnownFileType = wrapper.framework; path = Fabric.framework; sourceTree = "<group>"; };
/* End PBXFileReference section */

/* Begin PBXFrameworksBuildPhase section */
		FA1B76FF1A45D71E00407E4F /* Frameworks */ = {
			isa = PBXFrameworksBuildPhase;
			buildActionMask = 2147483647;
			files = (
				FAE3608A1AE54CF000053E77 /* TwitterKit.framework in Frameworks */,
				FAE3608C1AE54CF000053E77 /* Fabric.framework in Frameworks */,
			);
			runOnlyForDeploymentPostprocessing = 0;
		};
		FA1B77141A45D71E00407E4F /* Frameworks */ = {
			isa = PBXFrameworksBuildPhase;
			buildActionMask = 2147483647;
			files = (
			);
			runOnlyForDeploymentPostprocessing = 0;
		};
/* End PBXFrameworksBuildPhase section */

/* Begin PBXGroup section */
		FA1B76F91A45D71E00407E4F = {
			isa = PBXGroup;
			children = (
				FAE360871AE54CF000053E77 /* TwitterKit.framework */,
				FAE360881AE54CF000053E77 /* TwitterKitResources.bundle */,
				FAE360891AE54CF000053E77 /* Fabric.framework */,
				FA1B77041A45D71E00407E4F /* PaddockClubPad */,
				FA1B771A1A45D71E00407E4F /* PaddockClubPadTests */,
				FA1B77031A45D71E00407E4F /* Products */,
			);
			sourceTree = "<group>";
		};
		FA1B77031A45D71E00407E4F /* Products */ = {
			isa = PBXGroup;
			children = (
				FA1B77021A45D71E00407E4F /* PaddockClubPad.app */,
				FA1B77171A45D71E00407E4F /* PaddockClubPadTests.xctest */,
			);
			name = Products;
			sourceTree = "<group>";
		};
		FA1B77041A45D71E00407E4F /* PaddockClubPad */ = {
			isa = PBXGroup;
			children = (
				FA1B77071A45D71E00407E4F /* AppDelegate.swift */,
				FA1B77091A45D71E00407E4F /* ViewController.swift */,
				FA6B6E5B1A71F59000F1BB6D /* DriverSelectionBGViewController.swift */,
				FA6B6E5D1A725AE700F1BB6D /* DriversPopoverViewController.swift */,
				FA1B770B1A45D71E00407E4F /* Main.storyboard */,
				FA1B77291A45FBD000407E4F /* External */,
				FA1B770E1A45D71E00407E4F /* Images.xcassets */,
				FA1B77101A45D71E00407E4F /* LaunchScreen.xib */,
				FA1B77051A45D71E00407E4F /* Supporting Files */,
			);
			path = PaddockClubPad;
			sourceTree = "<group>";
		};
		FA1B77051A45D71E00407E4F /* Supporting Files */ = {
			isa = PBXGroup;
			children = (
				FA1B77061A45D71E00407E4F /* Info.plist */,
			);
			name = "Supporting Files";
			sourceTree = "<group>";
		};
		FA1B771A1A45D71E00407E4F /* PaddockClubPadTests */ = {
			isa = PBXGroup;
			children = (
				FA1B771D1A45D71E00407E4F /* PaddockClubPadTests.swift */,
				FA1B771B1A45D71E00407E4F /* Supporting Files */,
			);
			path = PaddockClubPadTests;
			sourceTree = "<group>";
		};
		FA1B771B1A45D71E00407E4F /* Supporting Files */ = {
			isa = PBXGroup;
			children = (
				FA1B771C1A45D71E00407E4F /* Info.plist */,
			);
			name = "Supporting Files";
			sourceTree = "<group>";
		};
		FA1B77291A45FBD000407E4F /* External */ = {
			isa = PBXGroup;
			children = (
				FA1B772A1A45FC0400407E4F /* ExternalViewController.swift */,
				FA1B77271A45FBC900407E4F /* ExternalStoryboard.storyboard */,
				FA559B251A83178200FCA76E /* GameTable */,
				FA5CB2641A4C601200C2C460 /* TweetFeed */,
			);
			name = External;
			sourceTree = "<group>";
		};
		FA559B251A83178200FCA76E /* GameTable */ = {
			isa = PBXGroup;
			children = (
				FA559B261A831A1800FCA76E /* GameTable.swift */,
				FA559B1F1A83177B00FCA76E /* GameTableCell.swift */,
			);
			name = GameTable;
			sourceTree = "<group>";
		};
		FA5CB2641A4C601200C2C460 /* TweetFeed */ = {
			isa = PBXGroup;
			children = (
				FA5CB2621A4BD12C00C2C460 /* TweetFeed.swift */,
				FA1B77341A48B4F800407E4F /* TweetFeedCell.swift */,
			);
			name = TweetFeed;
			sourceTree = "<group>";
		};
/* End PBXGroup section */

/* Begin PBXNativeTarget section */
		FA1B77011A45D71E00407E4F /* PaddockClubPad */ = {
			isa = PBXNativeTarget;
			buildConfigurationList = FA1B77211A45D71E00407E4F /* Build configuration list for PBXNativeTarget "PaddockClubPad" */;
			buildPhases = (
				FA1B76FE1A45D71E00407E4F /* Sources */,
				FA1B76FF1A45D71E00407E4F /* Frameworks */,
				FA1B77001A45D71E00407E4F /* Resources */,
				FA5CB13B1A4A165200C2C460 /* Embed Frameworks */,
				FAE360861AE54CD900053E77 /* ShellScript */,
			);
			buildRules = (
			);
			dependencies = (
			);
			name = PaddockClubPad;
			productName = PaddockClubPad;
			productReference = FA1B77021A45D71E00407E4F /* PaddockClubPad.app */;
			productType = "com.apple.product-type.application";
		};
		FA1B77161A45D71E00407E4F /* PaddockClubPadTests */ = {
			isa = PBXNativeTarget;
			buildConfigurationList = FA1B77241A45D71E00407E4F /* Build configuration list for PBXNativeTarget "PaddockClubPadTests" */;
			buildPhases = (
				FA1B77131A45D71E00407E4F /* Sources */,
				FA1B77141A45D71E00407E4F /* Frameworks */,
				FA1B77151A45D71E00407E4F /* Resources */,
			);
			buildRules = (
			);
			dependencies = (
				FA1B77191A45D71E00407E4F /* PBXTargetDependency */,
			);
			name = PaddockClubPadTests;
			productName = PaddockClubPadTests;
			productReference = FA1B77171A45D71E00407E4F /* PaddockClubPadTests.xctest */;
			productType = "com.apple.product-type.bundle.unit-test";
		};
/* End PBXNativeTarget section */

/* Begin PBXProject section */
		FA1B76FA1A45D71E00407E4F /* Project object */ = {
			isa = PBXProject;
			attributes = {
				LastUpgradeCheck = 0610;
				ORGANIZATIONNAME = "Zel Marko";
				TargetAttributes = {
					FA1B77011A45D71E00407E4F = {
						CreatedOnToolsVersion = 6.1.1;
						DevelopmentTeam = 96HG6E2WJ6;
					};
					FA1B77161A45D71E00407E4F = {
						CreatedOnToolsVersion = 6.1.1;
						TestTargetID = FA1B77011A45D71E00407E4F;
					};
				};
			};
			buildConfigurationList = FA1B76FD1A45D71E00407E4F /* Build configuration list for PBXProject "PaddockClubPad" */;
			compatibilityVersion = "Xcode 3.2";
			developmentRegion = English;
			hasScannedForEncodings = 0;
			knownRegions = (
				en,
				Base,
			);
			mainGroup = FA1B76F91A45D71E00407E4F;
			productRefGroup = FA1B77031A45D71E00407E4F /* Products */;
			projectDirPath = "";
			projectRoot = "";
			targets = (
				FA1B77011A45D71E00407E4F /* PaddockClubPad */,
				FA1B77161A45D71E00407E4F /* PaddockClubPadTests */,
			);
		};
/* End PBXProject section */

/* Begin PBXResourcesBuildPhase section */
		FA1B77001A45D71E00407E4F /* Resources */ = {
			isa = PBXResourcesBuildPhase;
			buildActionMask = 2147483647;
			files = (
				FA1B77281A45FBC900407E4F /* ExternalStoryboard.storyboard in Resources */,
				FA1B770D1A45D71E00407E4F /* Main.storyboard in Resources */,
				FA1B77121A45D71E00407E4F /* LaunchScreen.xib in Resources */,
				FA1B770F1A45D71E00407E4F /* Images.xcassets in Resources */,
				FAE3608B1AE54CF000053E77 /* TwitterKitResources.bundle in Resources */,
			);
			runOnlyForDeploymentPostprocessing = 0;
		};
		FA1B77151A45D71E00407E4F /* Resources */ = {
			isa = PBXResourcesBuildPhase;
			buildActionMask = 2147483647;
			files = (
			);
			runOnlyForDeploymentPostprocessing = 0;
		};
/* End PBXResourcesBuildPhase section */

/* Begin PBXShellScriptBuildPhase section */
		FAE360861AE54CD900053E77 /* ShellScript */ = {
			isa = PBXShellScriptBuildPhase;
			buildActionMask = 2147483647;
			files = (
			);
			inputPaths = (
			);
			outputPaths = (
			);
			runOnlyForDeploymentPostprocessing = 0;
			shellPath = /bin/sh;
			shellScript = "./Fabric.framework/run 8b30e0ca2acd1ed791153af3e0dd3c4a00d02190 8f645c18006ddd92cd676203b63676470d79cdcc88c50b1f014502a58d34c77f";
		};
/* End PBXShellScriptBuildPhase section */

/* Begin PBXSourcesBuildPhase section */
		FA1B76FE1A45D71E00407E4F /* Sources */ = {
			isa = PBXSourcesBuildPhase;
			buildActionMask = 2147483647;
			files = (
				FA559B201A83177B00FCA76E /* GameTableCell.swift in Sources */,
				FA6B6E5C1A71F59000F1BB6D /* DriverSelectionBGViewController.swift in Sources */,
				FA559B271A831A1800FCA76E /* GameTable.swift in Sources */,
				FA6B6E5E1A725AE700F1BB6D /* DriversPopoverViewController.swift in Sources */,
				FA1B772B1A45FC0400407E4F /* ExternalViewController.swift in Sources */,
				FA1B770A1A45D71E00407E4F /* ViewController.swift in Sources */,
				FA1B77081A45D71E00407E4F /* AppDelegate.swift in Sources */,
				FA5CB2631A4BD12C00C2C460 /* TweetFeed.swift in Sources */,
				FA1B77361A48B4F800407E4F /* TweetFeedCell.swift in Sources */,
			);
			runOnlyForDeploymentPostprocessing = 0;
		};
		FA1B77131A45D71E00407E4F /* Sources */ = {
			isa = PBXSourcesBuildPhase;
			buildActionMask = 2147483647;
			files = (
				FA1B771E1A45D71E00407E4F /* PaddockClubPadTests.swift in Sources */,
			);
			runOnlyForDeploymentPostprocessing = 0;
		};
/* End PBXSourcesBuildPhase section */

/* Begin PBXTargetDependency section */
		FA1B77191A45D71E00407E4F /* PBXTargetDependency */ = {
			isa = PBXTargetDependency;
			target = FA1B77011A45D71E00407E4F /* PaddockClubPad */;
			targetProxy = FA1B77181A45D71E00407E4F /* PBXContainerItemProxy */;
		};
/* End PBXTargetDependency section */

/* Begin PBXVariantGroup section */
		FA1B770B1A45D71E00407E4F /* Main.storyboard */ = {
			isa = PBXVariantGroup;
			children = (
				FA1B770C1A45D71E00407E4F /* Base */,
			);
			name = Main.storyboard;
			sourceTree = "<group>";
		};
		FA1B77101A45D71E00407E4F /* LaunchScreen.xib */ = {
			isa = PBXVariantGroup;
			children = (
				FA1B77111A45D71E00407E4F /* Base */,
			);
			name = LaunchScreen.xib;
			sourceTree = "<group>";
		};
/* End PBXVariantGroup section */

/* Begin XCBuildConfiguration section */
		FA1B771F1A45D71E00407E4F /* Debug */ = {
			isa = XCBuildConfiguration;
			buildSettings = {
				ALWAYS_SEARCH_USER_PATHS = NO;
				CLANG_CXX_LANGUAGE_STANDARD = "gnu++0x";
				CLANG_CXX_LIBRARY = "libc++";
				CLANG_ENABLE_MODULES = YES;
				CLANG_ENABLE_OBJC_ARC = YES;
				CLANG_WARN_BOOL_CONVERSION = YES;
				CLANG_WARN_CONSTANT_CONVERSION = YES;
				CLANG_WARN_DIRECT_OBJC_ISA_USAGE = YES_ERROR;
				CLANG_WARN_EMPTY_BODY = YES;
				CLANG_WARN_ENUM_CONVERSION = YES;
				CLANG_WARN_INT_CONVERSION = YES;
				CLANG_WARN_OBJC_ROOT_CLASS = YES_ERROR;
				CLANG_WARN_UNREACHABLE_CODE = YES;
				CLANG_WARN__DUPLICATE_METHOD_MATCH = YES;
				"CODE_SIGN_IDENTITY[sdk=iphoneos*]" = "iPhone Developer";
				COPY_PHASE_STRIP = NO;
				ENABLE_STRICT_OBJC_MSGSEND = YES;
				GCC_C_LANGUAGE_STANDARD = gnu99;
				GCC_DYNAMIC_NO_PIC = NO;
				GCC_OPTIMIZATION_LEVEL = 0;
				GCC_PREPROCESSOR_DEFINITIONS = (
					"DEBUG=1",
					"$(inherited)",
				);
				GCC_SYMBOLS_PRIVATE_EXTERN = NO;
				GCC_WARN_64_TO_32_BIT_CONVERSION = YES;
				GCC_WARN_ABOUT_RETURN_TYPE = YES_ERROR;
				GCC_WARN_UNDECLARED_SELECTOR = YES;
				GCC_WARN_UNINITIALIZED_AUTOS = YES_AGGRESSIVE;
				GCC_WARN_UNUSED_FUNCTION = YES;
				GCC_WARN_UNUSED_VARIABLE = YES;
				IPHONEOS_DEPLOYMENT_TARGET = 8.1;
				MTL_ENABLE_DEBUG_INFO = YES;
				ONLY_ACTIVE_ARCH = YES;
				SDKROOT = iphoneos;
				SWIFT_OPTIMIZATION_LEVEL = "-Onone";
				TARGETED_DEVICE_FAMILY = 2;
			};
			name = Debug;
		};
		FA1B77201A45D71E00407E4F /* Release */ = {
			isa = XCBuildConfiguration;
			buildSettings = {
				ALWAYS_SEARCH_USER_PATHS = NO;
				CLANG_CXX_LANGUAGE_STANDARD = "gnu++0x";
				CLANG_CXX_LIBRARY = "libc++";
				CLANG_ENABLE_MODULES = YES;
				CLANG_ENABLE_OBJC_ARC = YES;
				CLANG_WARN_BOOL_CONVERSION = YES;
				CLANG_WARN_CONSTANT_CONVERSION = YES;
				CLANG_WARN_DIRECT_OBJC_ISA_USAGE = YES_ERROR;
				CLANG_WARN_EMPTY_BODY = YES;
				CLANG_WARN_ENUM_CONVERSION = YES;
				CLANG_WARN_INT_CONVERSION = YES;
				CLANG_WARN_OBJC_ROOT_CLASS = YES_ERROR;
				CLANG_WARN_UNREACHABLE_CODE = YES;
				CLANG_WARN__DUPLICATE_METHOD_MATCH = YES;
				"CODE_SIGN_IDENTITY[sdk=iphoneos*]" = "iPhone Developer";
				COPY_PHASE_STRIP = YES;
				ENABLE_NS_ASSERTIONS = NO;
				ENABLE_STRICT_OBJC_MSGSEND = YES;
				GCC_C_LANGUAGE_STANDARD = gnu99;
				GCC_WARN_64_TO_32_BIT_CONVERSION = YES;
				GCC_WARN_ABOUT_RETURN_TYPE = YES_ERROR;
				GCC_WARN_UNDECLARED_SELECTOR = YES;
				GCC_WARN_UNINITIALIZED_AUTOS = YES_AGGRESSIVE;
				GCC_WARN_UNUSED_FUNCTION = YES;
				GCC_WARN_UNUSED_VARIABLE = YES;
				IPHONEOS_DEPLOYMENT_TARGET = 8.1;
				MTL_ENABLE_DEBUG_INFO = NO;
				SDKROOT = iphoneos;
				TARGETED_DEVICE_FAMILY = 2;
				VALIDATE_PRODUCT = YES;
			};
			name = Release;
		};
		FA1B77221A45D71E00407E4F /* Debug */ = {
			isa = XCBuildConfiguration;
			buildSettings = {
				ASSETCATALOG_COMPILER_APPICON_NAME = AppIcon;
				CODE_SIGN_IDENTITY = "iPhone Developer";
				EMBEDDED_CONTENT_CONTAINS_SWIFT = YES;
				FRAMEWORK_SEARCH_PATHS = (
					"$(inherited)",
					"$(PROJECT_DIR)",
				);
				INFOPLIST_FILE = PaddockClubPad/Info.plist;
				LD_RUNPATH_SEARCH_PATHS = "$(inherited) @executable_path/Frameworks";
				PRODUCT_NAME = "$(TARGET_NAME)";
			};
			name = Debug;
		};
		FA1B77231A45D71E00407E4F /* Release */ = {
			isa = XCBuildConfiguration;
			buildSettings = {
				ASSETCATALOG_COMPILER_APPICON_NAME = AppIcon;
				CODE_SIGN_IDENTITY = "iPhone Developer";
				EMBEDDED_CONTENT_CONTAINS_SWIFT = YES;
				FRAMEWORK_SEARCH_PATHS = (
					"$(inherited)",
					"$(PROJECT_DIR)",
				);
				INFOPLIST_FILE = PaddockClubPad/Info.plist;
				LD_RUNPATH_SEARCH_PATHS = "$(inherited) @executable_path/Frameworks";
				PRODUCT_NAME = "$(TARGET_NAME)";
			};
			name = Release;
		};
		FA1B77251A45D71E00407E4F /* Debug */ = {
			isa = XCBuildConfiguration;
			buildSettings = {
				BUNDLE_LOADER = "$(TEST_HOST)";
				FRAMEWORK_SEARCH_PATHS = (
					"$(SDKROOT)/Developer/Library/Frameworks",
					"$(inherited)",
				);
				GCC_PREPROCESSOR_DEFINITIONS = (
					"DEBUG=1",
					"$(inherited)",
				);
				INFOPLIST_FILE = PaddockClubPadTests/Info.plist;
				LD_RUNPATH_SEARCH_PATHS = "$(inherited) @executable_path/Frameworks @loader_path/Frameworks";
				PRODUCT_NAME = "$(TARGET_NAME)";
				TEST_HOST = "$(BUILT_PRODUCTS_DIR)/PaddockClubPad.app/PaddockClubPad";
			};
			name = Debug;
		};
		FA1B77261A45D71E00407E4F /* Release */ = {
			isa = XCBuildConfiguration;
			buildSettings = {
				BUNDLE_LOADER = "$(TEST_HOST)";
				FRAMEWORK_SEARCH_PATHS = (
					"$(SDKROOT)/Developer/Library/Frameworks",
					"$(inherited)",
				);
				INFOPLIST_FILE = PaddockClubPadTests/Info.plist;
				LD_RUNPATH_SEARCH_PATHS = "$(inherited) @executable_path/Frameworks @loader_path/Frameworks";
				PRODUCT_NAME = "$(TARGET_NAME)";
				TEST_HOST = "$(BUILT_PRODUCTS_DIR)/PaddockClubPad.app/PaddockClubPad";
			};
			name = Release;
		};
/* End XCBuildConfiguration section */

/* Begin XCConfigurationList section */
		FA1B76FD1A45D71E00407E4F /* Build configuration list for PBXProject "PaddockClubPad" */ = {
			isa = XCConfigurationList;
			buildConfigurations = (
				FA1B771F1A45D71E00407E4F /* Debug */,
				FA1B77201A45D71E00407E4F /* Release */,
			);
			defaultConfigurationIsVisible = 0;
			defaultConfigurationName = Release;
		};
		FA1B77211A45D71E00407E4F /* Build configuration list for PBXNativeTarget "PaddockClubPad" */ = {
			isa = XCConfigurationList;
			buildConfigurations = (
				FA1B77221A45D71E00407E4F /* Debug */,
				FA1B77231A45D71E00407E4F /* Release */,
			);
			defaultConfigurationIsVisible = 0;
			defaultConfigurationName = Release;
		};
		FA1B77241A45D71E00407E4F /* Build configuration list for PBXNativeTarget "PaddockClubPadTests" */ = {
			isa = XCConfigurationList;
			buildConfigurations = (
				FA1B77251A45D71E00407E4F /* Debug */,
				FA1B77261A45D71E00407E4F /* Release */,
			);
			defaultConfigurationIsVisible = 0;
			defaultConfigurationName = Release;
		};
/* End XCConfigurationList section */
	};
	rootObject = FA1B76FA1A45D71E00407E4F /* Project object */;
}
